[[package]]
name = "ioctl-rs"
version = "0.1.6"
source = "registry+https://github.com/rust-lang/crates.io-index"
dependencies = [
 "libc 0.2.36 (registry+https://github.com/rust-lang/crates.io-index)",
]

[[package]]
name = "libc"
version = "0.2.36"
source = "registry+https://github.com/rust-lang/crates.io-index"

[[package]]
name = "memchr"
version = "2.0.1"
source = "registry+https://github.com/rust-lang/crates.io-index"
dependencies = [
 "libc 0.2.36 (registry+https://github.com/rust-lang/crates.io-index)",
]

[[package]]
name = "nom"
version = "4.0.0-beta1"
source = "registry+https://github.com/rust-lang/crates.io-index"
dependencies = [
 "memchr 2.0.1 (registry+https://github.com/rust-lang/crates.io-index)",
]

[[package]]
name = "nsl-duplex-d2"
version = "0.1.0"
dependencies = [
 "nom 4.0.0-beta1 (registry+https://github.com/rust-lang/crates.io-index)",
 "radio-api 0.1.0",
 "serial 0.4.0 (registry+https://github.com/rust-lang/crates.io-index)",
]

[[package]]
name = "radio-api"
version = "0.1.0"
dependencies = [
 "nom 4.0.0-beta1 (registry+https://github.com/rust-lang/crates.io-index)",
]

[[package]]
name = "serial"
version = "0.4.0"
source = "registry+https://github.com/rust-lang/crates.io-index"
dependencies = [
 "serial-core 0.4.0 (registry+https://github.com/rust-lang/crates.io-index)",
 "serial-unix 0.4.0 (registry+https://github.com/rust-lang/crates.io-index)",
 "serial-windows 0.4.0 (registry+https://github.com/rust-lang/crates.io-index)",
]

[[package]]
name = "serial-core"
version = "0.4.0"
source = "registry+https://github.com/rust-lang/crates.io-index"
dependencies = [
 "libc 0.2.36 (registry+https://github.com/rust-lang/crates.io-index)",
]

[[package]]
name = "serial-unix"
version = "0.4.0"
source = "registry+https://github.com/rust-lang/crates.io-index"
dependencies = [
 "ioctl-rs 0.1.6 (registry+https://github.com/rust-lang/crates.io-index)",
 "libc 0.2.36 (registry+https://github.com/rust-lang/crates.io-index)",
 "serial-core 0.4.0 (registry+https://github.com/rust-lang/crates.io-index)",
 "termios 0.2.2 (registry+https://github.com/rust-lang/crates.io-index)",
]

[[package]]
name = "serial-windows"
version = "0.4.0"
source = "registry+https://github.com/rust-lang/crates.io-index"
dependencies = [
 "libc 0.2.36 (registry+https://github.com/rust-lang/crates.io-index)",
 "serial-core 0.4.0 (registry+https://github.com/rust-lang/crates.io-index)",
]

[[package]]
name = "termios"
version = "0.2.2"
source = "registry+https://github.com/rust-lang/crates.io-index"
dependencies = [
 "libc 0.2.36 (registry+https://github.com/rust-lang/crates.io-index)",
]

[metadata]
"checksum ioctl-rs 0.1.6 (registry+https://github.com/rust-lang/crates.io-index)" = "f7970510895cee30b3e9128319f2cefd4bde883a39f38baa279567ba3a7eb97d"
"checksum libc 0.2.36 (registry+https://github.com/rust-lang/crates.io-index)" = "1e5d97d6708edaa407429faa671b942dc0f2727222fb6b6539bf1db936e4b121"
"checksum memchr 2.0.1 (registry+https://github.com/rust-lang/crates.io-index)" = "796fba70e76612589ed2ce7f45282f5af869e0fdd7cc6199fa1aa1f1d591ba9d"
"checksum nom 4.0.0-beta1 (registry+https://github.com/rust-lang/crates.io-index)" = "781f1bc5226e9c61efe53e830cbdf6bec68d2d49581904b297bb4a4e6ce9b462"
"checksum serial 0.4.0 (registry+https://github.com/rust-lang/crates.io-index)" = "a1237a96570fc377c13baa1b88c7589ab66edced652e43ffb17088f003db3e86"
"checksum serial-core 0.4.0 (registry+https://github.com/rust-lang/crates.io-index)" = "3f46209b345401737ae2125fe5b19a77acce90cd53e1658cda928e4fe9a64581"
"checksum serial-unix 0.4.0 (registry+https://github.com/rust-lang/crates.io-index)" = "f03fbca4c9d866e24a459cbca71283f545a37f8e3e002ad8c70593871453cab7"
"checksum serial-windows 0.4.0 (registry+https://github.com/rust-lang/crates.io-index)" = "15c6d3b776267a75d31bbdfd5d36c0ca051251caafc285827052bc53bcdc8162"
"checksum termios 0.2.2 (registry+https://github.com/rust-lang/crates.io-index)" = "d5d9cf598a6d7ce700a4e6a9199da127e6819a61e64b68609683cc9a01b5683a"
